
Microsoft Visual Studio Solution File, Format Version 12.00
# Visual Studio 2013
VisualStudioVersion = 12.0.31101.0
MinimumVisualStudioVersion = 10.0.40219.1
Project("{FAE04EC0-301F-11D3-BF4B-00C04F79EFBC}") = "gameCalculator-Assignment1", "gameCalculator-Assignment1\gameCalculator-Assignment1.csproj", "{8686504E-84D8-4E3D-880E-ED7CECFAD72D}"
EndProject
Global
	GlobalSection(SolutionConfigurationPlatforms) = preSolution
		Debug|Any CPU = Debug|Any CPU
		Release|Any CPU = Release|Any CPU
	EndGlobalSection
	GlobalSection(ProjectConfigurationPlatforms) = postSolution
		{8686504E-84D8-4E3D-880E-ED7CECFAD72D}.Debug|Any CPU.ActiveCfg = Debug|Any CPU
		{8686504E-84D8-4E3D-880E-ED7CECFAD72D}.Debug|Any CPU.Build.0 = Debug|Any CPU
		{8686504E-84D8-4E3D-880E-ED7CECFAD72D}.Release|Any CPU.ActiveCfg = Release|Any CPU
		{8686504E-84D8-4E3D-880E-ED7CECFAD72D}.Release|Any CPU.Build.0 = Release|Any CPU
	EndGlobalSection
	GlobalSection(SolutionProperties) = preSolution
		HideSolutionNode = FALSE
	EndGlobalSection
EndGlobal
